
Microsoft Visual Studio Solution File, Format Version 11.00
# Visual Studio 2010
Project("{F184B08F-C81C-45F6-A57F-5ABD9991F28F}") = "presentacion", "presentacion\presentacion.vbproj", "{4E6CB753-3C4F-4916-AD82-F6E370893720}"
EndProject
Project("{F184B08F-C81C-45F6-A57F-5ABD9991F28F}") = "datos", "datos\datos.vbproj", "{0D43653D-EEBC-4697-9AE4-4FA1C5518B2A}"
EndProject
Project("{F184B08F-C81C-45F6-A57F-5ABD9991F28F}") = "entidad", "entidad\entidad.vbproj", "{740C7FCE-EF73-40BA-8B24-DA4CABE6601B}"
EndProject
Project("{2150E333-8FDC-42A3-9474-1A3956D46DE8}") = "Solution Items", "Solution Items", "{1B44BD01-0554-4D99-BCC1-1DA206E08C1C}"
	ProjectSection(SolutionItems) = preProject
		Bitmap1.bmp = Bitmap1.bmp
	EndProjectSection
EndProject
Global
	GlobalSection(SolutionConfigurationPlatforms) = preSolution
		Debug|Any CPU = Debug|Any CPU
		Debug|Mixed Platforms = Debug|Mixed Platforms
		Debug|x64 = Debug|x64
		Debug|x86 = Debug|x86
		Release|Any CPU = Release|Any CPU
		Release|Mixed Platforms = Release|Mixed Platforms
		Release|x64 = Release|x64
		Release|x86 = Release|x86
	EndGlobalSection
	GlobalSection(ProjectConfigurationPlatforms) = postSolution
		{4E6CB753-3C4F-4916-AD82-F6E370893720}.Debug|Any CPU.ActiveCfg = Debug|Any CPU
		{4E6CB753-3C4F-4916-AD82-F6E370893720}.Debug|Mixed Platforms.ActiveCfg = Debug|x86
		{4E6CB753-3C4F-4916-AD82-F6E370893720}.Debug|Mixed Platforms.Build.0 = Debug|x86
		{4E6CB753-3C4F-4916-AD82-F6E370893720}.Debug|x64.ActiveCfg = Debug|x64
		{4E6CB753-3C4F-4916-AD82-F6E370893720}.Debug|x64.Build.0 = Debug|x64
		{4E6CB753-3C4F-4916-AD82-F6E370893720}.Debug|x86.ActiveCfg = Debug|x86
		{4E6CB753-3C4F-4916-AD82-F6E370893720}.Debug|x86.Build.0 = Debug|x86
		{4E6CB753-3C4F-4916-AD82-F6E370893720}.Release|Any CPU.ActiveCfg = Release|x64
		{4E6CB753-3C4F-4916-AD82-F6E370893720}.Release|Any CPU.Build.0 = Release|x64
		{4E6CB753-3C4F-4916-AD82-F6E370893720}.Release|Mixed Platforms.ActiveCfg = Release|Any CPU
		{4E6CB753-3C4F-4916-AD82-F6E370893720}.Release|Mixed Platforms.Build.0 = Release|Any CPU
		{4E6CB753-3C4F-4916-AD82-F6E370893720}.Release|x64.ActiveCfg = Release|x64
		{4E6CB753-3C4F-4916-AD82-F6E370893720}.Release|x64.Build.0 = Release|x64
		{4E6CB753-3C4F-4916-AD82-F6E370893720}.Release|x86.ActiveCfg = Release|x86
		{4E6CB753-3C4F-4916-AD82-F6E370893720}.Release|x86.Build.0 = Release|x86
		{0D43653D-EEBC-4697-9AE4-4FA1C5518B2A}.Debug|Any CPU.ActiveCfg = Debug|Any CPU
		{0D43653D-EEBC-4697-9AE4-4FA1C5518B2A}.Debug|Any CPU.Build.0 = Debug|Any CPU
		{0D43653D-EEBC-4697-9AE4-4FA1C5518B2A}.Debug|Mixed Platforms.ActiveCfg = Debug|Any CPU
		{0D43653D-EEBC-4697-9AE4-4FA1C5518B2A}.Debug|Mixed Platforms.Build.0 = Debug|Any CPU
		{0D43653D-EEBC-4697-9AE4-4FA1C5518B2A}.Debug|x64.ActiveCfg = Debug|x64
		{0D43653D-EEBC-4697-9AE4-4FA1C5518B2A}.Debug|x64.Build.0 = Debug|x64
		{0D43653D-EEBC-4697-9AE4-4FA1C5518B2A}.Debug|x86.ActiveCfg = Debug|Any CPU
		{0D43653D-EEBC-4697-9AE4-4FA1C5518B2A}.Release|Any CPU.ActiveCfg = Release|x64
		{0D43653D-EEBC-4697-9AE4-4FA1C5518B2A}.Release|Any CPU.Build.0 = Release|x64
		{0D43653D-EEBC-4697-9AE4-4FA1C5518B2A}.Release|Mixed Platforms.ActiveCfg = Release|Any CPU
		{0D43653D-EEBC-4697-9AE4-4FA1C5518B2A}.Release|Mixed Platforms.Build.0 = Release|Any CPU
		{0D43653D-EEBC-4697-9AE4-4FA1C5518B2A}.Release|x64.ActiveCfg = Release|x64
		{0D43653D-EEBC-4697-9AE4-4FA1C5518B2A}.Release|x64.Build.0 = Release|x64
		{0D43653D-EEBC-4697-9AE4-4FA1C5518B2A}.Release|x86.ActiveCfg = Release|x86
		{0D43653D-EEBC-4697-9AE4-4FA1C5518B2A}.Release|x86.Build.0 = Release|x86
		{740C7FCE-EF73-40BA-8B24-DA4CABE6601B}.Debug|Any CPU.ActiveCfg = Debug|Any CPU
		{740C7FCE-EF73-40BA-8B24-DA4CABE6601B}.Debug|Any CPU.Build.0 = Debug|Any CPU
		{740C7FCE-EF73-40BA-8B24-DA4CABE6601B}.Debug|Mixed Platforms.ActiveCfg = Debug|Any CPU
		{740C7FCE-EF73-40BA-8B24-DA4CABE6601B}.Debug|Mixed Platforms.Build.0 = Debug|Any CPU
		{740C7FCE-EF73-40BA-8B24-DA4CABE6601B}.Debug|x64.ActiveCfg = Debug|x64
		{740C7FCE-EF73-40BA-8B24-DA4CABE6601B}.Debug|x64.Build.0 = Debug|x64
		{740C7FCE-EF73-40BA-8B24-DA4CABE6601B}.Debug|x86.ActiveCfg = Debug|Any CPU
		{740C7FCE-EF73-40BA-8B24-DA4CABE6601B}.Release|Any CPU.ActiveCfg = Release|x64
		{740C7FCE-EF73-40BA-8B24-DA4CABE6601B}.Release|Any CPU.Build.0 = Release|x64
		{740C7FCE-EF73-40BA-8B24-DA4CABE6601B}.Release|Mixed Platforms.ActiveCfg = Release|Any CPU
		{740C7FCE-EF73-40BA-8B24-DA4CABE6601B}.Release|Mixed Platforms.Build.0 = Release|Any CPU
		{740C7FCE-EF73-40BA-8B24-DA4CABE6601B}.Release|x64.ActiveCfg = Release|x64
		{740C7FCE-EF73-40BA-8B24-DA4CABE6601B}.Release|x64.Build.0 = Release|x64
		{740C7FCE-EF73-40BA-8B24-DA4CABE6601B}.Release|x86.ActiveCfg = Release|x86
		{740C7FCE-EF73-40BA-8B24-DA4CABE6601B}.Release|x86.Build.0 = Release|x86
	EndGlobalSection
	GlobalSection(SolutionProperties) = preSolution
		HideSolutionNode = FALSE
	EndGlobalSection
EndGlobal
